
Microsoft Visual Studio Solution File, Format Version 12.00
# Visual Studio 15
VisualStudioVersion = 15.0.28010.2046
MinimumVisualStudioVersion = 10.0.40219.1
Project("{FAE04EC0-301F-11D3-BF4B-00C04F79EFBC}") = "CnBrito.AgendaContatos.Model", "CnBrito.AgendaContatos.Model\CnBrito.AgendaContatos.Model.csproj", "{D5D1B4AF-26F7-433D-9060-7D1B7ED01EA2}"
EndProject
Project("{FAE04EC0-301F-11D3-BF4B-00C04F79EFBC}") = "CnBrito.AgendaContatos.Data.Entity", "CnBrito.AgendaContatos.Data.Entity\CnBrito.AgendaContatos.Data.Entity.csproj", "{36F84841-DE9E-4257-B2A1-C0C2D41E12AC}"
EndProject
Project("{FAE04EC0-301F-11D3-BF4B-00C04F79EFBC}") = "CnBrito.AgendaContatos.DataAccess", "CnBrito.AgendaContatos.DataAccess\CnBrito.AgendaContatos.DataAccess.csproj", "{AB0ABEAB-CF53-4CD2-A047-3047FAE9E8B0}"
EndProject
Project("{FAE04EC0-301F-11D3-BF4B-00C04F79EFBC}") = "CnBrito.AgendaContatos.Data.Contract", "CnBrito.AgendaContatos.Data.Contract\CnBrito.AgendaContatos.Data.Contract.csproj", "{3FD8F8D2-E60A-465B-B288-3A3547241D71}"
EndProject
Project("{2150E333-8FDC-42A3-9474-1A3956D46DE8}") = "0.Model", "0.Model", "{1EB56462-93DC-4DE7-BDFA-3DCD05B16058}"
EndProject
Project("{2150E333-8FDC-42A3-9474-1A3956D46DE8}") = "1.Presentation", "1.Presentation", "{50634A74-CF41-456A-AA2F-DBF2000C6A86}"
EndProject
Project("{2150E333-8FDC-42A3-9474-1A3956D46DE8}") = "2.Business", "2.Business", "{22C7805F-4DA7-4E9D-B253-92FAF16742D8}"
EndProject
Project("{2150E333-8FDC-42A3-9474-1A3956D46DE8}") = "3.Data", "3.Data", "{80F05DA0-4737-4CCB-B614-CB9F3C4BAC8C}"
EndProject
Project("{2150E333-8FDC-42A3-9474-1A3956D46DE8}") = "4.Common", "4.Common", "{360A6341-663C-4ADF-85C0-6D87A100AAF8}"
EndProject
Project("{2150E333-8FDC-42A3-9474-1A3956D46DE8}") = "DataAccess", "DataAccess", "{8207BC96-35F5-4CC0-895B-64D3395D831A}"
EndProject
Project("{2150E333-8FDC-42A3-9474-1A3956D46DE8}") = "Entity", "Entity", "{EB6B24F2-1F6F-41B5-B6DE-002F567A5AF1}"
EndProject
Project("{FAE04EC0-301F-11D3-BF4B-00C04F79EFBC}") = "CnBrito.AgendaContatos.Business.Contract", "CnBrito.AgendaContatos.Business.Contract\CnBrito.AgendaContatos.Business.Contract.csproj", "{41FBB5F0-DD63-4EC1-A39A-2FD3D191AE31}"
EndProject
Project("{FAE04EC0-301F-11D3-BF4B-00C04F79EFBC}") = "CnBrito.AgendaContatos.Business", "CnBrito.AgendaContatos.Business\CnBrito.AgendaContatos.Business.csproj", "{33759DE1-EFA8-4F49-8A22-19147AAC5F0B}"
EndProject
Project("{FAE04EC0-301F-11D3-BF4B-00C04F79EFBC}") = "CnBrito.AgendaContatos.Config", "CnBrito.AgendaContatos.Config\CnBrito.AgendaContatos.Config.csproj", "{C40BDC6B-43E2-4EAB-9187-57F7D39B1181}"
EndProject
Project("{FAE04EC0-301F-11D3-BF4B-00C04F79EFBC}") = "CnBrito.AgendaContatos.Web", "CnBrito.AgendaContatos.Web\CnBrito.AgendaContatos.Web.csproj", "{C610CA7A-7D84-4709-B586-71D783FABF07}"
EndProject
Global
	GlobalSection(SolutionConfigurationPlatforms) = preSolution
		Debug|Any CPU = Debug|Any CPU
		Release|Any CPU = Release|Any CPU
	EndGlobalSection
	GlobalSection(ProjectConfigurationPlatforms) = postSolution
		{D5D1B4AF-26F7-433D-9060-7D1B7ED01EA2}.Debug|Any CPU.ActiveCfg = Debug|Any CPU
		{D5D1B4AF-26F7-433D-9060-7D1B7ED01EA2}.Debug|Any CPU.Build.0 = Debug|Any CPU
		{D5D1B4AF-26F7-433D-9060-7D1B7ED01EA2}.Release|Any CPU.ActiveCfg = Release|Any CPU
		{D5D1B4AF-26F7-433D-9060-7D1B7ED01EA2}.Release|Any CPU.Build.0 = Release|Any CPU
		{36F84841-DE9E-4257-B2A1-C0C2D41E12AC}.Debug|Any CPU.ActiveCfg = Debug|Any CPU
		{36F84841-DE9E-4257-B2A1-C0C2D41E12AC}.Debug|Any CPU.Build.0 = Debug|Any CPU
		{36F84841-DE9E-4257-B2A1-C0C2D41E12AC}.Release|Any CPU.ActiveCfg = Release|Any CPU
		{36F84841-DE9E-4257-B2A1-C0C2D41E12AC}.Release|Any CPU.Build.0 = Release|Any CPU
		{AB0ABEAB-CF53-4CD2-A047-3047FAE9E8B0}.Debug|Any CPU.ActiveCfg = Debug|Any CPU
		{AB0ABEAB-CF53-4CD2-A047-3047FAE9E8B0}.Debug|Any CPU.Build.0 = Debug|Any CPU
		{AB0ABEAB-CF53-4CD2-A047-3047FAE9E8B0}.Release|Any CPU.ActiveCfg = Release|Any CPU
		{AB0ABEAB-CF53-4CD2-A047-3047FAE9E8B0}.Release|Any CPU.Build.0 = Release|Any CPU
		{3FD8F8D2-E60A-465B-B288-3A3547241D71}.Debug|Any CPU.ActiveCfg = Debug|Any CPU
		{3FD8F8D2-E60A-465B-B288-3A3547241D71}.Debug|Any CPU.Build.0 = Debug|Any CPU
		{3FD8F8D2-E60A-465B-B288-3A3547241D71}.Release|Any CPU.ActiveCfg = Release|Any CPU
		{3FD8F8D2-E60A-465B-B288-3A3547241D71}.Release|Any CPU.Build.0 = Release|Any CPU
		{41FBB5F0-DD63-4EC1-A39A-2FD3D191AE31}.Debug|Any CPU.ActiveCfg = Debug|Any CPU
		{41FBB5F0-DD63-4EC1-A39A-2FD3D191AE31}.Debug|Any CPU.Build.0 = Debug|Any CPU
		{41FBB5F0-DD63-4EC1-A39A-2FD3D191AE31}.Release|Any CPU.ActiveCfg = Release|Any CPU
		{41FBB5F0-DD63-4EC1-A39A-2FD3D191AE31}.Release|Any CPU.Build.0 = Release|Any CPU
		{33759DE1-EFA8-4F49-8A22-19147AAC5F0B}.Debug|Any CPU.ActiveCfg = Debug|Any CPU
		{33759DE1-EFA8-4F49-8A22-19147AAC5F0B}.Debug|Any CPU.Build.0 = Debug|Any CPU
		{33759DE1-EFA8-4F49-8A22-19147AAC5F0B}.Release|Any CPU.ActiveCfg = Release|Any CPU
		{33759DE1-EFA8-4F49-8A22-19147AAC5F0B}.Release|Any CPU.Build.0 = Release|Any CPU
		{C40BDC6B-43E2-4EAB-9187-57F7D39B1181}.Debug|Any CPU.ActiveCfg = Debug|Any CPU
		{C40BDC6B-43E2-4EAB-9187-57F7D39B1181}.Debug|Any CPU.Build.0 = Debug|Any CPU
		{C40BDC6B-43E2-4EAB-9187-57F7D39B1181}.Release|Any CPU.ActiveCfg = Release|Any CPU
		{C40BDC6B-43E2-4EAB-9187-57F7D39B1181}.Release|Any CPU.Build.0 = Release|Any CPU
		{C610CA7A-7D84-4709-B586-71D783FABF07}.Debug|Any CPU.ActiveCfg = Debug|Any CPU
		{C610CA7A-7D84-4709-B586-71D783FABF07}.Debug|Any CPU.Build.0 = Debug|Any CPU
		{C610CA7A-7D84-4709-B586-71D783FABF07}.Release|Any CPU.ActiveCfg = Release|Any CPU
		{C610CA7A-7D84-4709-B586-71D783FABF07}.Release|Any CPU.Build.0 = Release|Any CPU
	EndGlobalSection
	GlobalSection(SolutionProperties) = preSolution
		HideSolutionNode = FALSE
	EndGlobalSection
	GlobalSection(NestedProjects) = preSolution
		{D5D1B4AF-26F7-433D-9060-7D1B7ED01EA2} = {1EB56462-93DC-4DE7-BDFA-3DCD05B16058}
		{36F84841-DE9E-4257-B2A1-C0C2D41E12AC} = {EB6B24F2-1F6F-41B5-B6DE-002F567A5AF1}
		{AB0ABEAB-CF53-4CD2-A047-3047FAE9E8B0} = {8207BC96-35F5-4CC0-895B-64D3395D831A}
		{3FD8F8D2-E60A-465B-B288-3A3547241D71} = {8207BC96-35F5-4CC0-895B-64D3395D831A}
		{8207BC96-35F5-4CC0-895B-64D3395D831A} = {80F05DA0-4737-4CCB-B614-CB9F3C4BAC8C}
		{EB6B24F2-1F6F-41B5-B6DE-002F567A5AF1} = {80F05DA0-4737-4CCB-B614-CB9F3C4BAC8C}
		{41FBB5F0-DD63-4EC1-A39A-2FD3D191AE31} = {22C7805F-4DA7-4E9D-B253-92FAF16742D8}
		{33759DE1-EFA8-4F49-8A22-19147AAC5F0B} = {22C7805F-4DA7-4E9D-B253-92FAF16742D8}
		{C40BDC6B-43E2-4EAB-9187-57F7D39B1181} = {360A6341-663C-4ADF-85C0-6D87A100AAF8}
		{C610CA7A-7D84-4709-B586-71D783FABF07} = {50634A74-CF41-456A-AA2F-DBF2000C6A86}
	EndGlobalSection
	GlobalSection(ExtensibilityGlobals) = postSolution
		SolutionGuid = {8645A3A6-3276-4CFE-AF60-FC3CAE461A8C}
	EndGlobalSection
EndGlobal
