
Microsoft Visual Studio Solution File, Format Version 12.00
# Visual Studio 15
VisualStudioVersion = 15.0.28010.2046
MinimumVisualStudioVersion = 10.0.40219.1
Project("{FAE04EC0-301F-11D3-BF4B-00C04F79EFBC}") = "CnBrito.AgendaContatos.Model", "CnBrito.AgendaContatos.Model\CnBrito.AgendaContatos.Model.csproj", "{D5D1B4AF-26F7-433D-9060-7D1B7ED01EA2}"
EndProject
Global
	GlobalSection(SolutionConfigurationPlatforms) = preSolution
		Debug|Any CPU = Debug|Any CPU
		Release|Any CPU = Release|Any CPU
	EndGlobalSection
	GlobalSection(ProjectConfigurationPlatforms) = postSolution
		{D5D1B4AF-26F7-433D-9060-7D1B7ED01EA2}.Debug|Any CPU.ActiveCfg = Debug|Any CPU
		{D5D1B4AF-26F7-433D-9060-7D1B7ED01EA2}.Debug|Any CPU.Build.0 = Debug|Any CPU
		{D5D1B4AF-26F7-433D-9060-7D1B7ED01EA2}.Release|Any CPU.ActiveCfg = Release|Any CPU
		{D5D1B4AF-26F7-433D-9060-7D1B7ED01EA2}.Release|Any CPU.Build.0 = Release|Any CPU
	EndGlobalSection
	GlobalSection(SolutionProperties) = preSolution
		HideSolutionNode = FALSE
	EndGlobalSection
	GlobalSection(ExtensibilityGlobals) = postSolution
		SolutionGuid = {8645A3A6-3276-4CFE-AF60-FC3CAE461A8C}
	EndGlobalSection
EndGlobal
